
Microsoft Visual Studio Solution File, Format Version 12.00
# Visual Studio Version 17
VisualStudioVersion = 17.7.34031.279
MinimumVisualStudioVersion = 10.0.40219.1
Project("{2150E333-8FDC-42A3-9474-1A3956D46DE8}") = "BuildingBlocks", "BuildingBlocks", "{7FD502B2-BA16-4D56-A961-CD874BF5B666}"
EndProject
Project("{2150E333-8FDC-42A3-9474-1A3956D46DE8}") = "Services", "Services", "{60AFA645-69D5-4B88-8A3E-A48A117D0F16}"
EndProject
Project("{2150E333-8FDC-42A3-9474-1A3956D46DE8}") = "Post", "Post", "{96FB73D7-35E2-4A49-8DDF-0EB685AD6BA7}"
EndProject
Project("{9A19103F-16F7-4668-BE54-9A1E7A4F7556}") = "Post.API", "Services\Post\Post.API\Post.API.csproj", "{F6C4B58C-33A1-48D7-837A-354AFE892541}"
EndProject
Project("{9A19103F-16F7-4668-BE54-9A1E7A4F7556}") = "Post.Domain", "Services\Post\Post.Domain\Post.Domain.csproj", "{ED64A948-1028-42FA-A151-B174BEC6CB92}"
EndProject
Project("{9A19103F-16F7-4668-BE54-9A1E7A4F7556}") = "Post.Infrastructure", "Services\Post\Post.Infrastructure\Post.Infrastructure.csproj", "{D1E3F578-CB85-4FFF-8EC2-8551D4AD8C2E}"
EndProject
Project("{2150E333-8FDC-42A3-9474-1A3956D46DE8}") = "Query", "Query", "{BC271780-E9D2-4EF2-A9A7-B2379495B361}"
EndProject
Project("{9A19103F-16F7-4668-BE54-9A1E7A4F7556}") = "Post.Query.Domain", "Services\Query\Post.Query.Domain\Post.Query.Domain.csproj", "{30C2C955-3FE9-4266-ACBA-DBD36270E323}"
EndProject
Project("{9A19103F-16F7-4668-BE54-9A1E7A4F7556}") = "Post.Query.Infrastructure", "Services\Query\Post.Query.Infrastructure\Post.Query.Infrastructure.csproj", "{FE855738-531F-4C81-A65F-16F098007E11}"
EndProject
Project("{9A19103F-16F7-4668-BE54-9A1E7A4F7556}") = "Post.Query.Core", "BuildingBlocks\Post.Query.Core\Post.Query.Core.csproj", "{E7FB59FE-C22F-4DBB-84E0-542705B7D4BE}"
EndProject
Project("{9A19103F-16F7-4668-BE54-9A1E7A4F7556}") = "Post.Query.Common", "BuildingBlocks\Post.Query.Common\Post.Query.Common.csproj", "{11D25996-65F2-49D2-B91E-C5BEF447956F}"
EndProject
Project("{9A19103F-16F7-4668-BE54-9A1E7A4F7556}") = "Post.Query.API", "Services\Query\Post.Query.API\Post.Query.API.csproj", "{EE2EBC7B-5D91-4BC7-9E52-5A58D4192146}"
EndProject
Project("{E53339B2-1760-4266-BCC7-CA923CBCF16C}") = "docker-compose", "docker-compose.dcproj", "{C583DB63-F3E4-4D7D-97EB-B1C150B246C9}"
EndProject
Global
	GlobalSection(SolutionConfigurationPlatforms) = preSolution
		Debug|Any CPU = Debug|Any CPU
		Release|Any CPU = Release|Any CPU
	EndGlobalSection
	GlobalSection(ProjectConfigurationPlatforms) = postSolution
		{F6C4B58C-33A1-48D7-837A-354AFE892541}.Debug|Any CPU.ActiveCfg = Debug|Any CPU
		{F6C4B58C-33A1-48D7-837A-354AFE892541}.Debug|Any CPU.Build.0 = Debug|Any CPU
		{F6C4B58C-33A1-48D7-837A-354AFE892541}.Release|Any CPU.ActiveCfg = Release|Any CPU
		{F6C4B58C-33A1-48D7-837A-354AFE892541}.Release|Any CPU.Build.0 = Release|Any CPU
		{ED64A948-1028-42FA-A151-B174BEC6CB92}.Debug|Any CPU.ActiveCfg = Debug|Any CPU
		{ED64A948-1028-42FA-A151-B174BEC6CB92}.Debug|Any CPU.Build.0 = Debug|Any CPU
		{ED64A948-1028-42FA-A151-B174BEC6CB92}.Release|Any CPU.ActiveCfg = Release|Any CPU
		{ED64A948-1028-42FA-A151-B174BEC6CB92}.Release|Any CPU.Build.0 = Release|Any CPU
		{D1E3F578-CB85-4FFF-8EC2-8551D4AD8C2E}.Debug|Any CPU.ActiveCfg = Debug|Any CPU
		{D1E3F578-CB85-4FFF-8EC2-8551D4AD8C2E}.Debug|Any CPU.Build.0 = Debug|Any CPU
		{D1E3F578-CB85-4FFF-8EC2-8551D4AD8C2E}.Release|Any CPU.ActiveCfg = Release|Any CPU
		{D1E3F578-CB85-4FFF-8EC2-8551D4AD8C2E}.Release|Any CPU.Build.0 = Release|Any CPU
		{30C2C955-3FE9-4266-ACBA-DBD36270E323}.Debug|Any CPU.ActiveCfg = Debug|Any CPU
		{30C2C955-3FE9-4266-ACBA-DBD36270E323}.Debug|Any CPU.Build.0 = Debug|Any CPU
		{30C2C955-3FE9-4266-ACBA-DBD36270E323}.Release|Any CPU.ActiveCfg = Release|Any CPU
		{30C2C955-3FE9-4266-ACBA-DBD36270E323}.Release|Any CPU.Build.0 = Release|Any CPU
		{FE855738-531F-4C81-A65F-16F098007E11}.Debug|Any CPU.ActiveCfg = Debug|Any CPU
		{FE855738-531F-4C81-A65F-16F098007E11}.Debug|Any CPU.Build.0 = Debug|Any CPU
		{FE855738-531F-4C81-A65F-16F098007E11}.Release|Any CPU.ActiveCfg = Release|Any CPU
		{FE855738-531F-4C81-A65F-16F098007E11}.Release|Any CPU.Build.0 = Release|Any CPU
		{E7FB59FE-C22F-4DBB-84E0-542705B7D4BE}.Debug|Any CPU.ActiveCfg = Debug|Any CPU
		{E7FB59FE-C22F-4DBB-84E0-542705B7D4BE}.Debug|Any CPU.Build.0 = Debug|Any CPU
		{E7FB59FE-C22F-4DBB-84E0-542705B7D4BE}.Release|Any CPU.ActiveCfg = Release|Any CPU
		{E7FB59FE-C22F-4DBB-84E0-542705B7D4BE}.Release|Any CPU.Build.0 = Release|Any CPU
		{11D25996-65F2-49D2-B91E-C5BEF447956F}.Debug|Any CPU.ActiveCfg = Debug|Any CPU
		{11D25996-65F2-49D2-B91E-C5BEF447956F}.Debug|Any CPU.Build.0 = Debug|Any CPU
		{11D25996-65F2-49D2-B91E-C5BEF447956F}.Release|Any CPU.ActiveCfg = Release|Any CPU
		{11D25996-65F2-49D2-B91E-C5BEF447956F}.Release|Any CPU.Build.0 = Release|Any CPU
		{EE2EBC7B-5D91-4BC7-9E52-5A58D4192146}.Debug|Any CPU.ActiveCfg = Debug|Any CPU
		{EE2EBC7B-5D91-4BC7-9E52-5A58D4192146}.Debug|Any CPU.Build.0 = Debug|Any CPU
		{EE2EBC7B-5D91-4BC7-9E52-5A58D4192146}.Release|Any CPU.ActiveCfg = Release|Any CPU
		{EE2EBC7B-5D91-4BC7-9E52-5A58D4192146}.Release|Any CPU.Build.0 = Release|Any CPU
		{C583DB63-F3E4-4D7D-97EB-B1C150B246C9}.Debug|Any CPU.ActiveCfg = Debug|Any CPU
		{C583DB63-F3E4-4D7D-97EB-B1C150B246C9}.Debug|Any CPU.Build.0 = Debug|Any CPU
		{C583DB63-F3E4-4D7D-97EB-B1C150B246C9}.Release|Any CPU.ActiveCfg = Release|Any CPU
		{C583DB63-F3E4-4D7D-97EB-B1C150B246C9}.Release|Any CPU.Build.0 = Release|Any CPU
	EndGlobalSection
	GlobalSection(SolutionProperties) = preSolution
		HideSolutionNode = FALSE
	EndGlobalSection
	GlobalSection(NestedProjects) = preSolution
		{96FB73D7-35E2-4A49-8DDF-0EB685AD6BA7} = {60AFA645-69D5-4B88-8A3E-A48A117D0F16}
		{F6C4B58C-33A1-48D7-837A-354AFE892541} = {96FB73D7-35E2-4A49-8DDF-0EB685AD6BA7}
		{ED64A948-1028-42FA-A151-B174BEC6CB92} = {96FB73D7-35E2-4A49-8DDF-0EB685AD6BA7}
		{D1E3F578-CB85-4FFF-8EC2-8551D4AD8C2E} = {96FB73D7-35E2-4A49-8DDF-0EB685AD6BA7}
		{BC271780-E9D2-4EF2-A9A7-B2379495B361} = {60AFA645-69D5-4B88-8A3E-A48A117D0F16}
		{30C2C955-3FE9-4266-ACBA-DBD36270E323} = {BC271780-E9D2-4EF2-A9A7-B2379495B361}
		{FE855738-531F-4C81-A65F-16F098007E11} = {BC271780-E9D2-4EF2-A9A7-B2379495B361}
		{E7FB59FE-C22F-4DBB-84E0-542705B7D4BE} = {7FD502B2-BA16-4D56-A961-CD874BF5B666}
		{11D25996-65F2-49D2-B91E-C5BEF447956F} = {7FD502B2-BA16-4D56-A961-CD874BF5B666}
		{EE2EBC7B-5D91-4BC7-9E52-5A58D4192146} = {BC271780-E9D2-4EF2-A9A7-B2379495B361}
	EndGlobalSection
	GlobalSection(ExtensibilityGlobals) = postSolution
		SolutionGuid = {71E6F9EC-9516-4808-9B4E-D252391DC6A3}
	EndGlobalSection
EndGlobal
